
Microsoft Visual Studio Solution File, Format Version 12.00
# Visual Studio Version 17
VisualStudioVersion = 17.9.34622.214
MinimumVisualStudioVersion = 10.0.40219.1
Project("{FAE04EC0-301F-11D3-BF4B-00C04F79EFBC}") = "SampleAPIApp", "SampleAPIApp\SampleAPIApp.csproj", "{FB9D88FF-4FD5-4951-B85E-3BD51D9D8621}"
EndProject
Global
	GlobalSection(SolutionConfigurationPlatforms) = preSolution
		Debug|Any CPU = Debug|Any CPU
		Release|Any CPU = Release|Any CPU
	EndGlobalSection
	GlobalSection(ProjectConfigurationPlatforms) = postSolution
		{FB9D88FF-4FD5-4951-B85E-3BD51D9D8621}.Debug|Any CPU.ActiveCfg = Debug|Any CPU
		{FB9D88FF-4FD5-4951-B85E-3BD51D9D8621}.Debug|Any CPU.Build.0 = Debug|Any CPU
		{FB9D88FF-4FD5-4951-B85E-3BD51D9D8621}.Release|Any CPU.ActiveCfg = Release|Any CPU
		{FB9D88FF-4FD5-4951-B85E-3BD51D9D8621}.Release|Any CPU.Build.0 = Release|Any CPU
	EndGlobalSection
	GlobalSection(SolutionProperties) = preSolution
		HideSolutionNode = FALSE
	EndGlobalSection
	GlobalSection(ExtensibilityGlobals) = postSolution
		SolutionGuid = {FDCDA71E-3EB6-4B49-BF3F-7A0960952F80}
	EndGlobalSection
EndGlobal
